
Microsoft Visual Studio Solution File, Format Version 12.00
# Visual Studio Version 16
VisualStudioVersion = 16.0.29519.87
MinimumVisualStudioVersion = 10.0.40219.1
Project("{FAE04EC0-301F-11D3-BF4B-00C04F79EFBC}") = "TDFragMapper", "MergeFragIons\TDFragMapper.csproj", "{1ACDF383-6D2A-40B9-9EA1-E0DC61111741}"
EndProject
Project("{FAE04EC0-301F-11D3-BF4B-00C04F79EFBC}") = "ProteinMergeFragIons", "ProteinMergeFragIons\ProteinMergeFragIons\ProteinMergeFragIons.csproj", "{9D62272A-554B-4230-B24F-F0027F89CAE5}"
EndProject
Project("{2150E333-8FDC-42A3-9474-1A3956D46DE8}") = "Templates", "Templates", "{E56730E6-2D3A-4B10-B9F4-231EF297919E}"
	ProjectSection(SolutionItems) = preProject
		Templates\Template_Deconvoluted_Spectra.xlsx = Templates\Template_Deconvoluted_Spectra.xlsx
		Templates\Template_MSMS_Data.xlsx = Templates\Template_MSMS_Data.xlsx
	EndProjectSection
EndProject
Global
	GlobalSection(SolutionConfigurationPlatforms) = preSolution
		Debug|Any CPU = Debug|Any CPU
		Release|Any CPU = Release|Any CPU
		s|Any CPU = s|Any CPU
	EndGlobalSection
	GlobalSection(ProjectConfigurationPlatforms) = postSolution
		{1ACDF383-6D2A-40B9-9EA1-E0DC61111741}.Debug|Any CPU.ActiveCfg = Debug|Any CPU
		{1ACDF383-6D2A-40B9-9EA1-E0DC61111741}.Debug|Any CPU.Build.0 = Debug|Any CPU
		{1ACDF383-6D2A-40B9-9EA1-E0DC61111741}.Release|Any CPU.ActiveCfg = Release|Any CPU
		{1ACDF383-6D2A-40B9-9EA1-E0DC61111741}.Release|Any CPU.Build.0 = Release|Any CPU
		{1ACDF383-6D2A-40B9-9EA1-E0DC61111741}.s|Any CPU.ActiveCfg = Release|Any CPU
		{1ACDF383-6D2A-40B9-9EA1-E0DC61111741}.s|Any CPU.Build.0 = Release|Any CPU
		{9D62272A-554B-4230-B24F-F0027F89CAE5}.Debug|Any CPU.ActiveCfg = Debug|Any CPU
		{9D62272A-554B-4230-B24F-F0027F89CAE5}.Debug|Any CPU.Build.0 = Debug|Any CPU
		{9D62272A-554B-4230-B24F-F0027F89CAE5}.Release|Any CPU.ActiveCfg = Release|Any CPU
		{9D62272A-554B-4230-B24F-F0027F89CAE5}.Release|Any CPU.Build.0 = Release|Any CPU
		{9D62272A-554B-4230-B24F-F0027F89CAE5}.s|Any CPU.ActiveCfg = Release|Any CPU
		{9D62272A-554B-4230-B24F-F0027F89CAE5}.s|Any CPU.Build.0 = Release|Any CPU
	EndGlobalSection
	GlobalSection(SolutionProperties) = preSolution
		HideSolutionNode = FALSE
	EndGlobalSection
	GlobalSection(ExtensibilityGlobals) = postSolution
		SolutionGuid = {A6CB61E2-B3F4-42B9-B3CE-BB64CDDCC843}
	EndGlobalSection
EndGlobal
